// !$*UTF8*$!
{
	archiveVersion = 1;
	classes = {
	};
	objectVersion = 55;
	objects = {

/* Begin PBXBuildFile section */
		C5710ABC28882C450024205E /* AppDelegate.swift in Sources */ = {isa = PBXBuildFile; fileRef = C5710ABB28882C450024205E /* AppDelegate.swift */; };
		C5710ABE28882C450024205E /* SceneDelegate.swift in Sources */ = {isa = PBXBuildFile; fileRef = C5710ABD28882C450024205E /* SceneDelegate.swift */; };
		C5710AC328882C450024205E /* Main.storyboard in Resources */ = {isa = PBXBuildFile; fileRef = C5710AC128882C450024205E /* Main.storyboard */; };
		C5710AC528882C470024205E /* Assets.xcassets in Resources */ = {isa = PBXBuildFile; fileRef = C5710AC428882C470024205E /* Assets.xcassets */; };
		C5710AC828882C470024205E /* LaunchScreen.storyboard in Resources */ = {isa = PBXBuildFile; fileRef = C5710AC628882C470024205E /* LaunchScreen.storyboard */; };
		C5710AD0288830450024205E /* FirstListViewController.swift in Sources */ = {isa = PBXBuildFile; fileRef = C5710ACF288830450024205E /* FirstListViewController.swift */; };
		C5710AD2288830D20024205E /* SecondListViewController.swift in Sources */ = {isa = PBXBuildFile; fileRef = C5710AD1288830D20024205E /* SecondListViewController.swift */; };
		C5710AD4288831020024205E /* ContactInfoViewController.swift in Sources */ = {isa = PBXBuildFile; fileRef = C5710AD3288831020024205E /* ContactInfoViewController.swift */; };
		C5710AD628883D690024205E /* Contact.swift in Sources */ = {isa = PBXBuildFile; fileRef = C5710AD528883D690024205E /* Contact.swift */; };
		C5710AD828888B150024205E /* TabBarViewController.swift in Sources */ = {isa = PBXBuildFile; fileRef = C5710AD728888B150024205E /* TabBarViewController.swift */; };
		C59DDC802892949900F4B7EC /* ContactsData.swift in Sources */ = {isa = PBXBuildFile; fileRef = C59DDC7F2892949900F4B7EC /* ContactsData.swift */; };
/* End PBXBuildFile section */

/* Begin PBXFileReference section */
		C5710AB828882C450024205E /* ContactList.app */ = {isa = PBXFileReference; explicitFileType = wrapper.application; includeInIndex = 0; path = ContactList.app; sourceTree = BUILT_PRODUCTS_DIR; };
		C5710ABB28882C450024205E /* AppDelegate.swift */ = {isa = PBXFileReference; lastKnownFileType = sourcecode.swift; path = AppDelegate.swift; sourceTree = "<group>"; };
		C5710ABD28882C450024205E /* SceneDelegate.swift */ = {isa = PBXFileReference; lastKnownFileType = sourcecode.swift; path = SceneDelegate.swift; sourceTree = "<group>"; };
		C5710AC228882C450024205E /* Base */ = {isa = PBXFileReference; lastKnownFileType = file.storyboard; name = Base; path = Base.lproj/Main.storyboard; sourceTree = "<group>"; };
		C5710AC428882C470024205E /* Assets.xcassets */ = {isa = PBXFileReference; lastKnownFileType = folder.assetcatalog; path = Assets.xcassets; sourceTree = "<group>"; };
		C5710AC728882C470024205E /* Base */ = {isa = PBXFileReference; lastKnownFileType = file.storyboard; name = Base; path = Base.lproj/LaunchScreen.storyboard; sourceTree = "<group>"; };
		C5710AC928882C470024205E /* Info.plist */ = {isa = PBXFileReference; lastKnownFileType = text.plist.xml; path = Info.plist; sourceTree = "<group>"; };
		C5710ACF288830450024205E /* FirstListViewController.swift */ = {isa = PBXFileReference; lastKnownFileType = sourcecode.swift; path = FirstListViewController.swift; sourceTree = "<group>"; };
		C5710AD1288830D20024205E /* SecondListViewController.swift */ = {isa = PBXFileReference; lastKnownFileType = sourcecode.swift; name = SecondListViewController.swift; path = ContactList/ViewControllers/SecondListViewController.swift; sourceTree = SOURCE_ROOT; };
		C5710AD3288831020024205E /* ContactInfoViewController.swift */ = {isa = PBXFileReference; lastKnownFileType = sourcecode.swift; path = ContactInfoViewController.swift; sourceTree = "<group>"; };
		C5710AD528883D690024205E /* Contact.swift */ = {isa = PBXFileReference; lastKnownFileType = sourcecode.swift; name = Contact.swift; path = ContactList/Source/Contact.swift; sourceTree = SOURCE_ROOT; };
		C5710AD728888B150024205E /* TabBarViewController.swift */ = {isa = PBXFileReference; lastKnownFileType = sourcecode.swift; name = TabBarViewController.swift; path = ContactList/ViewControllers/TabBarViewController.swift; sourceTree = SOURCE_ROOT; };
		C59DDC7F2892949900F4B7EC /* ContactsData.swift */ = {isa = PBXFileReference; lastKnownFileType = sourcecode.swift; path = ContactsData.swift; sourceTree = "<group>"; };
/* End PBXFileReference section */

/* Begin PBXFrameworksBuildPhase section */
		C5710AB528882C450024205E /* Frameworks */ = {
			isa = PBXFrameworksBuildPhase;
			buildActionMask = 2147483647;
			files = (
			);
			runOnlyForDeploymentPostprocessing = 0;
		};
/* End PBXFrameworksBuildPhase section */

/* Begin PBXGroup section */
		C5710AAF28882C450024205E = {
			isa = PBXGroup;
			children = (
				C5710ABA28882C450024205E /* ContactList */,
				C5710AB928882C450024205E /* Products */,
			);
			sourceTree = "<group>";
		};
		C5710AB928882C450024205E /* Products */ = {
			isa = PBXGroup;
			children = (
				C5710AB828882C450024205E /* ContactList.app */,
			);
			name = Products;
			sourceTree = "<group>";
		};
		C5710ABA28882C450024205E /* ContactList */ = {
			isa = PBXGroup;
			children = (
				C59DDC7D2892941E00F4B7EC /* Source */,
				C59DDC7E2892945400F4B7EC /* Services */,
				C5710AD928889B9A0024205E /* ViewControllers */,
				C5710AC128882C450024205E /* Main.storyboard */,
				C5710AC428882C470024205E /* Assets.xcassets */,
				C5710AC628882C470024205E /* LaunchScreen.storyboard */,
				C59DDC7C289293B100F4B7EC /* Support */,
			);
			path = ContactList;
			sourceTree = "<group>";
		};
		C5710AD928889B9A0024205E /* ViewControllers */ = {
			isa = PBXGroup;
			children = (
				C5710AD728888B150024205E /* TabBarViewController.swift */,
				C5710ACF288830450024205E /* FirstListViewController.swift */,
				C5710AD3288831020024205E /* ContactInfoViewController.swift */,
				C5710AD1288830D20024205E /* SecondListViewController.swift */,
			);
			path = ViewControllers;
			sourceTree = "<group>";
		};
		C59DDC7C289293B100F4B7EC /* Support */ = {
			isa = PBXGroup;
			children = (
				C5710ABB28882C450024205E /* AppDelegate.swift */,
				C5710ABD28882C450024205E /* SceneDelegate.swift */,
				C5710AC928882C470024205E /* Info.plist */,
			);
			path = Support;
			sourceTree = "<group>";
		};
		C59DDC7D2892941E00F4B7EC /* Source */ = {
			isa = PBXGroup;
			children = (
				C5710AD528883D690024205E /* Contact.swift */,
			);
			path = Source;
			sourceTree = "<group>";
		};
		C59DDC7E2892945400F4B7EC /* Services */ = {
			isa = PBXGroup;
			children = (
				C59DDC7F2892949900F4B7EC /* ContactsData.swift */,
			);
			path = Services;
			sourceTree = "<group>";
		};
/* End PBXGroup section */

/* Begin PBXNativeTarget section */
		C5710AB728882C450024205E /* ContactList */ = {
			isa = PBXNativeTarget;
			buildConfigurationList = C5710ACC28882C470024205E /* Build configuration list for PBXNativeTarget "ContactList" */;
			buildPhases = (
				C5710AB428882C450024205E /* Sources */,
				C5710AB528882C450024205E /* Frameworks */,
				C5710AB628882C450024205E /* Resources */,
			);
			buildRules = (
			);
			dependencies = (
			);
			name = ContactList;
			productName = ContactList;
			productReference = C5710AB828882C450024205E /* ContactList.app */;
			productType = "com.apple.product-type.application";
		};
/* End PBXNativeTarget section */

/* Begin PBXProject section */
		C5710AB028882C450024205E /* Project object */ = {
			isa = PBXProject;
			attributes = {
				BuildIndependentTargetsInParallel = 1;
				LastSwiftUpdateCheck = 1340;
				LastUpgradeCheck = 1340;
				TargetAttributes = {
					C5710AB728882C450024205E = {
						CreatedOnToolsVersion = 13.4.1;
					};
				};
			};
			buildConfigurationList = C5710AB328882C450024205E /* Build configuration list for PBXProject "ContactList" */;
			compatibilityVersion = "Xcode 13.0";
			developmentRegion = en;
			hasScannedForEncodings = 0;
			knownRegions = (
				en,
				Base,
			);
			mainGroup = C5710AAF28882C450024205E;
			productRefGroup = C5710AB928882C450024205E /* Products */;
			projectDirPath = "";
			projectRoot = "";
			targets = (
				C5710AB728882C450024205E /* ContactList */,
			);
		};
/* End PBXProject section */

/* Begin PBXResourcesBuildPhase section */
		C5710AB628882C450024205E /* Resources */ = {
			isa = PBXResourcesBuildPhase;
			buildActionMask = 2147483647;
			files = (
				C5710AC828882C470024205E /* LaunchScreen.storyboard in Resources */,
				C5710AC528882C470024205E /* Assets.xcassets in Resources */,
				C5710AC328882C450024205E /* Main.storyboard in Resources */,
			);
			runOnlyForDeploymentPostprocessing = 0;
		};
/* End PBXResourcesBuildPhase section */

/* Begin PBXSourcesBuildPhase section */
		C5710AB428882C450024205E /* Sources */ = {
			isa = PBXSourcesBuildPhase;
			buildActionMask = 2147483647;
			files = (
				C5710AD628883D690024205E /* Contact.swift in Sources */,
				C5710AD2288830D20024205E /* SecondListViewController.swift in Sources */,
				C5710ABC28882C450024205E /* AppDelegate.swift in Sources */,
				C5710ABE28882C450024205E /* SceneDelegate.swift in Sources */,
				C5710AD828888B150024205E /* TabBarViewController.swift in Sources */,
				C5710AD4288831020024205E /* ContactInfoViewController.swift in Sources */,
				C59DDC802892949900F4B7EC /* ContactsData.swift in Sources */,
				C5710AD0288830450024205E /* FirstListViewController.swift in Sources */,
			);
			runOnlyForDeploymentPostprocessing = 0;
		};
/* End PBXSourcesBuildPhase section */

/* Begin PBXVariantGroup section */
		C5710AC128882C450024205E /* Main.storyboard */ = {
			isa = PBXVariantGroup;
			children = (
				C5710AC228882C450024205E /* Base */,
			);
			name = Main.storyboard;
			sourceTree = "<group>";
		};
		C5710AC628882C470024205E /* LaunchScreen.storyboard */ = {
			isa = PBXVariantGroup;
			children = (
				C5710AC728882C470024205E /* Base */,
			);
			name = LaunchScreen.storyboard;
			sourceTree = "<group>";
		};
/* End PBXVariantGroup section */

/* Begin XCBuildConfiguration section */
		C5710ACA28882C470024205E /* Debug */ = {
			isa = XCBuildConfiguration;
			buildSettings = {
				ALWAYS_SEARCH_USER_PATHS = NO;
				CLANG_ANALYZER_NONNULL = YES;
				CLANG_ANALYZER_NUMBER_OBJECT_CONVERSION = YES_AGGRESSIVE;
				CLANG_CXX_LANGUAGE_STANDARD = "gnu++17";
				CLANG_ENABLE_MODULES = YES;
				CLANG_ENABLE_OBJC_ARC = YES;
				CLANG_ENABLE_OBJC_WEAK = YES;
				CLANG_WARN_BLOCK_CAPTURE_AUTORELEASING = YES;
				CLANG_WARN_BOOL_CONVERSION = YES;
				CLANG_WARN_COMMA = YES;
				CLANG_WARN_CONSTANT_CONVERSION = YES;
				CLANG_WARN_DEPRECATED_OBJC_IMPLEMENTATIONS = YES;
				CLANG_WARN_DIRECT_OBJC_ISA_USAGE = YES_ERROR;
				CLANG_WARN_DOCUMENTATION_COMMENTS = YES;
				CLANG_WARN_EMPTY_BODY = YES;
				CLANG_WARN_ENUM_CONVERSION = YES;
				CLANG_WARN_INFINITE_RECURSION = YES;
				CLANG_WARN_INT_CONVERSION = YES;
				CLANG_WARN_NON_LITERAL_NULL_CONVERSION = YES;
				CLANG_WARN_OBJC_IMPLICIT_RETAIN_SELF = YES;
				CLANG_WARN_OBJC_LITERAL_CONVERSION = YES;
				CLANG_WARN_OBJC_ROOT_CLASS = YES_ERROR;
				CLANG_WARN_QUOTED_INCLUDE_IN_FRAMEWORK_HEADER = YES;
				CLANG_WARN_RANGE_LOOP_ANALYSIS = YES;
				CLANG_WARN_STRICT_PROTOTYPES = YES;
				CLANG_WARN_SUSPICIOUS_MOVE = YES;
				CLANG_WARN_UNGUARDED_AVAILABILITY = YES_AGGRESSIVE;
				CLANG_WARN_UNREACHABLE_CODE = YES;
				CLANG_WARN__DUPLICATE_METHOD_MATCH = YES;
				COPY_PHASE_STRIP = NO;
				DEBUG_INFORMATION_FORMAT = dwarf;
				ENABLE_STRICT_OBJC_MSGSEND = YES;
				ENABLE_TESTABILITY = YES;
				GCC_C_LANGUAGE_STANDARD = gnu11;
				GCC_DYNAMIC_NO_PIC = NO;
				GCC_NO_COMMON_BLOCKS = YES;
				GCC_OPTIMIZATION_LEVEL = 0;
				GCC_PREPROCESSOR_DEFINITIONS = (
					"DEBUG=1",
					"$(inherited)",
				);
				GCC_WARN_64_TO_32_BIT_CONVERSION = YES;
				GCC_WARN_ABOUT_RETURN_TYPE = YES_ERROR;
				GCC_WARN_UNDECLARED_SELECTOR = YES;
				GCC_WARN_UNINITIALIZED_AUTOS = YES_AGGRESSIVE;
				GCC_WARN_UNUSED_FUNCTION = YES;
				GCC_WARN_UNUSED_VARIABLE = YES;
				IPHONEOS_DEPLOYMENT_TARGET = 15.0;
				MTL_ENABLE_DEBUG_INFO = INCLUDE_SOURCE;
				MTL_FAST_MATH = YES;
				ONLY_ACTIVE_ARCH = YES;
				SDKROOT = iphoneos;
				SWIFT_ACTIVE_COMPILATION_CONDITIONS = DEBUG;
				SWIFT_OPTIMIZATION_LEVEL = "-Onone";
			};
			name = Debug;
		};
		C5710ACB28882C470024205E /* Release */ = {
			isa = XCBuildConfiguration;
			buildSettings = {
				ALWAYS_SEARCH_USER_PATHS = NO;
				CLANG_ANALYZER_NONNULL = YES;
				CLANG_ANALYZER_NUMBER_OBJECT_CONVERSION = YES_AGGRESSIVE;
				CLANG_CXX_LANGUAGE_STANDARD = "gnu++17";
				CLANG_ENABLE_MODULES = YES;
				CLANG_ENABLE_OBJC_ARC = YES;
				CLANG_ENABLE_OBJC_WEAK = YES;
				CLANG_WARN_BLOCK_CAPTURE_AUTORELEASING = YES;
				CLANG_WARN_BOOL_CONVERSION = YES;
				CLANG_WARN_COMMA = YES;
				CLANG_WARN_CONSTANT_CONVERSION = YES;
				CLANG_WARN_DEPRECATED_OBJC_IMPLEMENTATIONS = YES;
				CLANG_WARN_DIRECT_OBJC_ISA_USAGE = YES_ERROR;
				CLANG_WARN_DOCUMENTATION_COMMENTS = YES;
				CLANG_WARN_EMPTY_BODY = YES;
				CLANG_WARN_ENUM_CONVERSION = YES;
				CLANG_WARN_INFINITE_RECURSION = YES;
				CLANG_WARN_INT_CONVERSION = YES;
				CLANG_WARN_NON_LITERAL_NULL_CONVERSION = YES;
				CLANG_WARN_OBJC_IMPLICIT_RETAIN_SELF = YES;
				CLANG_WARN_OBJC_LITERAL_CONVERSION = YES;
				CLANG_WARN_OBJC_ROOT_CLASS = YES_ERROR;
				CLANG_WARN_QUOTED_INCLUDE_IN_FRAMEWORK_HEADER = YES;
				CLANG_WARN_RANGE_LOOP_ANALYSIS = YES;
				CLANG_WARN_STRICT_PROTOTYPES = YES;
				CLANG_WARN_SUSPICIOUS_MOVE = YES;
				CLANG_WARN_UNGUARDED_AVAILABILITY = YES_AGGRESSIVE;
				CLANG_WARN_UNREACHABLE_CODE = YES;
				CLANG_WARN__DUPLICATE_METHOD_MATCH = YES;
				COPY_PHASE_STRIP = NO;
				DEBUG_INFORMATION_FORMAT = "dwarf-with-dsym";
				ENABLE_NS_ASSERTIONS = NO;
				ENABLE_STRICT_OBJC_MSGSEND = YES;
				GCC_C_LANGUAGE_STANDARD = gnu11;
				GCC_NO_COMMON_BLOCKS = YES;
				GCC_WARN_64_TO_32_BIT_CONVERSION = YES;
				GCC_WARN_ABOUT_RETURN_TYPE = YES_ERROR;
				GCC_WARN_UNDECLARED_SELECTOR = YES;
				GCC_WARN_UNINITIALIZED_AUTOS = YES_AGGRESSIVE;
				GCC_WARN_UNUSED_FUNCTION = YES;
				GCC_WARN_UNUSED_VARIABLE = YES;
				IPHONEOS_DEPLOYMENT_TARGET = 15.0;
				MTL_ENABLE_DEBUG_INFO = NO;
				MTL_FAST_MATH = YES;
				SDKROOT = iphoneos;
				SWIFT_COMPILATION_MODE = wholemodule;
				SWIFT_OPTIMIZATION_LEVEL = "-O";
				VALIDATE_PRODUCT = YES;
			};
			name = Release;
		};
		C5710ACD28882C470024205E /* Debug */ = {
			isa = XCBuildConfiguration;
			buildSettings = {
				ASSETCATALOG_COMPILER_APPICON_NAME = AppIcon;
				ASSETCATALOG_COMPILER_GLOBAL_ACCENT_COLOR_NAME = AccentColor;
				CODE_SIGN_STYLE = Automatic;
				CURRENT_PROJECT_VERSION = 3;
				DEVELOPMENT_TEAM = DTKBA33P3A;
				GENERATE_INFOPLIST_FILE = YES;
				"INFOPLIST_FILE[sdk=*]" = Contactlist/Support/Info.plist;
				INFOPLIST_KEY_UIApplicationSupportsIndirectInputEvents = YES;
				INFOPLIST_KEY_UILaunchStoryboardName = LaunchScreen;
				INFOPLIST_KEY_UIMainStoryboardFile = Main;
				INFOPLIST_KEY_UISupportedInterfaceOrientations_iPad = "UIInterfaceOrientationPortrait UIInterfaceOrientationPortraitUpsideDown UIInterfaceOrientationLandscapeLeft UIInterfaceOrientationLandscapeRight";
				INFOPLIST_KEY_UISupportedInterfaceOrientations_iPhone = "UIInterfaceOrientationPortrait UIInterfaceOrientationLandscapeLeft UIInterfaceOrientationLandscapeRight";
				LD_RUNPATH_SEARCH_PATHS = (
					"$(inherited)",
					"@executable_path/Frameworks",
				);
				MARKETING_VERSION = 1.0;
				PRODUCT_BUNDLE_IDENTIFIER = DaniilPetrov.ContactList;
				PRODUCT_NAME = "$(TARGET_NAME)";
				SWIFT_EMIT_LOC_STRINGS = YES;
				SWIFT_VERSION = 5.0;
				TARGETED_DEVICE_FAMILY = 1;
			};
			name = Debug;
		};
		C5710ACE28882C470024205E /* Release */ = {
			isa = XCBuildConfiguration;
			buildSettings = {
				ASSETCATALOG_COMPILER_APPICON_NAME = AppIcon;
				ASSETCATALOG_COMPILER_GLOBAL_ACCENT_COLOR_NAME = AccentColor;
				CODE_SIGN_STYLE = Automatic;
				CURRENT_PROJECT_VERSION = 3;
				DEVELOPMENT_TEAM = DTKBA33P3A;
				GENERATE_INFOPLIST_FILE = YES;
				"INFOPLIST_FILE[sdk=*]" = Contactlist/Support/Info.plist;
				INFOPLIST_KEY_UIApplicationSupportsIndirectInputEvents = YES;
				INFOPLIST_KEY_UILaunchStoryboardName = LaunchScreen;
				INFOPLIST_KEY_UIMainStoryboardFile = Main;
				INFOPLIST_KEY_UISupportedInterfaceOrientations_iPad = "UIInterfaceOrientationPortrait UIInterfaceOrientationPortraitUpsideDown UIInterfaceOrientationLandscapeLeft UIInterfaceOrientationLandscapeRight";
				INFOPLIST_KEY_UISupportedInterfaceOrientations_iPhone = "UIInterfaceOrientationPortrait UIInterfaceOrientationLandscapeLeft UIInterfaceOrientationLandscapeRight";
				LD_RUNPATH_SEARCH_PATHS = (
					"$(inherited)",
					"@executable_path/Frameworks",
				);
				MARKETING_VERSION = 1.0;
				PRODUCT_BUNDLE_IDENTIFIER = DaniilPetrov.ContactList;
				PRODUCT_NAME = "$(TARGET_NAME)";
				SWIFT_EMIT_LOC_STRINGS = YES;
				SWIFT_VERSION = 5.0;
				TARGETED_DEVICE_FAMILY = 1;
			};
			name = Release;
		};
/* End XCBuildConfiguration section */

/* Begin XCConfigurationList section */
		C5710AB328882C450024205E /* Build configuration list for PBXProject "ContactList" */ = {
			isa = XCConfigurationList;
			buildConfigurations = (
				C5710ACA28882C470024205E /* Debug */,
				C5710ACB28882C470024205E /* Release */,
			);
			defaultConfigurationIsVisible = 0;
			defaultConfigurationName = Release;
		};
		C5710ACC28882C470024205E /* Build configuration list for PBXNativeTarget "ContactList" */ = {
			isa = XCConfigurationList;
			buildConfigurations = (
				C5710ACD28882C470024205E /* Debug */,
				C5710ACE28882C470024205E /* Release */,
			);
			defaultConfigurationIsVisible = 0;
			defaultConfigurationName = Release;
		};
/* End XCConfigurationList section */
	};
	rootObject = C5710AB028882C450024205E /* Project object */;
}
